// !$*UTF8*$!
{
	archiveVersion = 1;
	classes = {
	};
	objectVersion = 46;
	objects = {

/* Begin PBXBuildFile section */
		514A993D1E51229100625253 /* AppDelegate.swift in Sources */ = {isa = PBXBuildFile; fileRef = 514A993C1E51229100625253 /* AppDelegate.swift */; };
		514A993F1E51229100625253 /* ViewController.swift in Sources */ = {isa = PBXBuildFile; fileRef = 514A993E1E51229100625253 /* ViewController.swift */; };
		514A99421E51229100625253 /* Main.storyboard in Resources */ = {isa = PBXBuildFile; fileRef = 514A99401E51229100625253 /* Main.storyboard */; };
		514A99441E51229100625253 /* Assets.xcassets in Resources */ = {isa = PBXBuildFile; fileRef = 514A99431E51229100625253 /* Assets.xcassets */; };
		514A99471E51229100625253 /* LaunchScreen.storyboard in Resources */ = {isa = PBXBuildFile; fileRef = 514A99451E51229100625253 /* LaunchScreen.storyboard */; };
		514A994F1E51251C00625253 /* getLocation.swift in Sources */ = {isa = PBXBuildFile; fileRef = 514A994E1E51251C00625253 /* getLocation.swift */; };
/* End PBXBuildFile section */

/* Begin PBXFileReference section */
		514A99391E51229100625253 /* getLocation.app */ = {isa = PBXFileReference; explicitFileType = wrapper.application; includeInIndex = 0; path = getLocation.app; sourceTree = BUILT_PRODUCTS_DIR; };
		514A993C1E51229100625253 /* AppDelegate.swift */ = {isa = PBXFileReference; lastKnownFileType = sourcecode.swift; path = AppDelegate.swift; sourceTree = "<group>"; };
		514A993E1E51229100625253 /* ViewController.swift */ = {isa = PBXFileReference; lastKnownFileType = sourcecode.swift; path = ViewController.swift; sourceTree = "<group>"; };
		514A99411E51229100625253 /* Base */ = {isa = PBXFileReference; lastKnownFileType = file.storyboard; name = Base; path = Base.lproj/Main.storyboard; sourceTree = "<group>"; };
		514A99431E51229100625253 /* Assets.xcassets */ = {isa = PBXFileReference; lastKnownFileType = folder.assetcatalog; path = Assets.xcassets; sourceTree = "<group>"; };
		514A99461E51229100625253 /* Base */ = {isa = PBXFileReference; lastKnownFileType = file.storyboard; name = Base; path = Base.lproj/LaunchScreen.storyboard; sourceTree = "<group>"; };
		514A99481E51229100625253 /* Info.plist */ = {isa = PBXFileReference; lastKnownFileType = text.plist.xml; path = Info.plist; sourceTree = "<group>"; };
		514A994E1E51251C00625253 /* getLocation.swift */ = {isa = PBXFileReference; fileEncoding = 4; lastKnownFileType = sourcecode.swift; path = getLocation.swift; sourceTree = "<group>"; };
/* End PBXFileReference section */

/* Begin PBXFrameworksBuildPhase section */
		514A99361E51229100625253 /* Frameworks */ = {
			isa = PBXFrameworksBuildPhase;
			buildActionMask = 2147483647;
			files = (
			);
			runOnlyForDeploymentPostprocessing = 0;
		};
/* End PBXFrameworksBuildPhase section */

/* Begin PBXGroup section */
		514A99301E51229100625253 = {
			isa = PBXGroup;
			children = (
				514A993B1E51229100625253 /* getLocation */,
				514A993A1E51229100625253 /* Products */,
			);
			sourceTree = "<group>";
		};
		514A993A1E51229100625253 /* Products */ = {
			isa = PBXGroup;
			children = (
				514A99391E51229100625253 /* getLocation.app */,
			);
			name = Products;
			sourceTree = "<group>";
		};
		514A993B1E51229100625253 /* getLocation */ = {
			isa = PBXGroup;
			children = (
				514A993C1E51229100625253 /* AppDelegate.swift */,
				514A993E1E51229100625253 /* ViewController.swift */,
				514A99401E51229100625253 /* Main.storyboard */,
				514A99431E51229100625253 /* Assets.xcassets */,
				514A99451E51229100625253 /* LaunchScreen.storyboard */,
				514A99481E51229100625253 /* Info.plist */,
				514A994E1E51251C00625253 /* getLocation.swift */,
			);
			path = getLocation;
			sourceTree = "<group>";
		};
/* End PBXGroup section */

/* Begin PBXNativeTarget section */
		514A99381E51229100625253 /* getLocation */ = {
			isa = PBXNativeTarget;
			buildConfigurationList = 514A994B1E51229100625253 /* Build configuration list for PBXNativeTarget "getLocation" */;
			buildPhases = (
				514A99351E51229100625253 /* Sources */,
				514A99361E51229100625253 /* Frameworks */,
				514A99371E51229100625253 /* Resources */,
			);
			buildRules = (
			);
			dependencies = (
			);
			name = getLocation;
			productName = getLocation;
			productReference = 514A99391E51229100625253 /* getLocation.app */;
			productType = "com.apple.product-type.application";
		};
/* End PBXNativeTarget section */

/* Begin PBXProject section */
		514A99311E51229100625253 /* Project object */ = {
			isa = PBXProject;
			attributes = {
				LastSwiftUpdateCheck = 0820;
				LastUpgradeCheck = 0820;
				ORGANIZATIONNAME = manor;
				TargetAttributes = {
					514A99381E51229100625253 = {
						CreatedOnToolsVersion = 8.2.1;
						DevelopmentTeam = 87J5Y4US98;
						ProvisioningStyle = Automatic;
					};
				};
			};
			buildConfigurationList = 514A99341E51229100625253 /* Build configuration list for PBXProject "getLocation" */;
			compatibilityVersion = "Xcode 3.2";
			developmentRegion = English;
			hasScannedForEncodings = 0;
			knownRegions = (
				en,
				Base,
			);
			mainGroup = 514A99301E51229100625253;
			productRefGroup = 514A993A1E51229100625253 /* Products */;
			projectDirPath = "";
			projectRoot = "";
			targets = (
				514A99381E51229100625253 /* getLocation */,
			);
		};
/* End PBXProject section */

/* Begin PBXResourcesBuildPhase section */
		514A99371E51229100625253 /* Resources */ = {
			isa = PBXResourcesBuildPhase;
			buildActionMask = 2147483647;
			files = (
				514A99471E51229100625253 /* LaunchScreen.storyboard in Resources */,
				514A99441E51229100625253 /* Assets.xcassets in Resources */,
				514A99421E51229100625253 /* Main.storyboard in Resources */,
			);
			runOnlyForDeploymentPostprocessing = 0;
		};
/* End PBXResourcesBuildPhase section */

/* Begin PBXSourcesBuildPhase section */
		514A99351E51229100625253 /* Sources */ = {
			isa = PBXSourcesBuildPhase;
			buildActionMask = 2147483647;
			files = (
				514A993F1E51229100625253 /* ViewController.swift in Sources */,
				514A994F1E51251C00625253 /* getLocation.swift in Sources */,
				514A993D1E51229100625253 /* AppDelegate.swift in Sources */,
			);
			runOnlyForDeploymentPostprocessing = 0;
		};
/* End PBXSourcesBuildPhase section */

/* Begin PBXVariantGroup section */
		514A99401E51229100625253 /* Main.storyboard */ = {
			isa = PBXVariantGroup;
			children = (
				514A99411E51229100625253 /* Base */,
			);
			name = Main.storyboard;
			sourceTree = "<group>";
		};
		514A99451E51229100625253 /* LaunchScreen.storyboard */ = {
			isa = PBXVariantGroup;
			children = (
				514A99461E51229100625253 /* Base */,
			);
			name = LaunchScreen.storyboard;
			sourceTree = "<group>";
		};
/* End PBXVariantGroup section */

/* Begin XCBuildConfiguration section */
		514A99491E51229100625253 /* Debug */ = {
			isa = XCBuildConfiguration;
			buildSettings = {
				ALWAYS_SEARCH_USER_PATHS = NO;
				CLANG_ANALYZER_NONNULL = YES;
				CLANG_CXX_LANGUAGE_STANDARD = "gnu++0x";
				CLANG_CXX_LIBRARY = "libc++";
				CLANG_ENABLE_MODULES = YES;
				CLANG_ENABLE_OBJC_ARC = YES;
				CLANG_WARN_BOOL_CONVERSION = YES;
				CLANG_WARN_CONSTANT_CONVERSION = YES;
				CLANG_WARN_DIRECT_OBJC_ISA_USAGE = YES_ERROR;
				CLANG_WARN_DOCUMENTATION_COMMENTS = YES;
				CLANG_WARN_EMPTY_BODY = YES;
				CLANG_WARN_ENUM_CONVERSION = YES;
				CLANG_WARN_INFINITE_RECURSION = YES;
				CLANG_WARN_INT_CONVERSION = YES;
				CLANG_WARN_OBJC_ROOT_CLASS = YES_ERROR;
				CLANG_WARN_SUSPICIOUS_MOVE = YES;
				CLANG_WARN_UNREACHABLE_CODE = YES;
				CLANG_WARN__DUPLICATE_METHOD_MATCH = YES;
				"CODE_SIGN_IDENTITY[sdk=iphoneos*]" = "iPhone Developer";
				COPY_PHASE_STRIP = NO;
				DEBUG_INFORMATION_FORMAT = dwarf;
				ENABLE_STRICT_OBJC_MSGSEND = YES;
				ENABLE_TESTABILITY = YES;
				GCC_C_LANGUAGE_STANDARD = gnu99;
				GCC_DYNAMIC_NO_PIC = NO;
				GCC_NO_COMMON_BLOCKS = YES;
				GCC_OPTIMIZATION_LEVEL = 0;
				GCC_PREPROCESSOR_DEFINITIONS = (
					"DEBUG=1",
					"$(inherited)",
				);
				GCC_WARN_64_TO_32_BIT_CONVERSION = YES;
				GCC_WARN_ABOUT_RETURN_TYPE = YES_ERROR;
				GCC_WARN_UNDECLARED_SELECTOR = YES;
				GCC_WARN_UNINITIALIZED_AUTOS = YES_AGGRESSIVE;
				GCC_WARN_UNUSED_FUNCTION = YES;
				GCC_WARN_UNUSED_VARIABLE = YES;
				IPHONEOS_DEPLOYMENT_TARGET = 10.2;
				MTL_ENABLE_DEBUG_INFO = YES;
				ONLY_ACTIVE_ARCH = YES;
				SDKROOT = iphoneos;
				SWIFT_ACTIVE_COMPILATION_CONDITIONS = DEBUG;
				SWIFT_OPTIMIZATION_LEVEL = "-Onone";
			};
			name = Debug;
		};
		514A994A1E51229100625253 /* Release */ = {
			isa = XCBuildConfiguration;
			buildSettings = {
				ALWAYS_SEARCH_USER_PATHS = NO;
				CLANG_ANALYZER_NONNULL = YES;
				CLANG_CXX_LANGUAGE_STANDARD = "gnu++0x";
				CLANG_CXX_LIBRARY = "libc++";
				CLANG_ENABLE_MODULES = YES;
				CLANG_ENABLE_OBJC_ARC = YES;
				CLANG_WARN_BOOL_CONVERSION = YES;
				CLANG_WARN_CONSTANT_CONVERSION = YES;
				CLANG_WARN_DIRECT_OBJC_ISA_USAGE = YES_ERROR;
				CLANG_WARN_DOCUMENTATION_COMMENTS = YES;
				CLANG_WARN_EMPTY_BODY = YES;
				CLANG_WARN_ENUM_CONVERSION = YES;
				CLANG_WARN_INFINITE_RECURSION = YES;
				CLANG_WARN_INT_CONVERSION = YES;
				CLANG_WARN_OBJC_ROOT_CLASS = YES_ERROR;
				CLANG_WARN_SUSPICIOUS_MOVE = YES;
				CLANG_WARN_UNREACHABLE_CODE = YES;
				CLANG_WARN__DUPLICATE_METHOD_MATCH = YES;
				"CODE_SIGN_IDENTITY[sdk=iphoneos*]" = "iPhone Developer";
				COPY_PHASE_STRIP = NO;
				DEBUG_INFORMATION_FORMAT = "dwarf-with-dsym";
				ENABLE_NS_ASSERTIONS = NO;
				ENABLE_STRICT_OBJC_MSGSEND = YES;
				GCC_C_LANGUAGE_STANDARD = gnu99;
				GCC_NO_COMMON_BLOCKS = YES;
				GCC_WARN_64_TO_32_BIT_CONVERSION = YES;
				GCC_WARN_ABOUT_RETURN_TYPE = YES_ERROR;
				GCC_WARN_UNDECLARED_SELECTOR = YES;
				GCC_WARN_UNINITIALIZED_AUTOS = YES_AGGRESSIVE;
				GCC_WARN_UNUSED_FUNCTION = YES;
				GCC_WARN_UNUSED_VARIABLE = YES;
				IPHONEOS_DEPLOYMENT_TARGET = 10.2;
				MTL_ENABLE_DEBUG_INFO = NO;
				SDKROOT = iphoneos;
				SWIFT_OPTIMIZATION_LEVEL = "-Owholemodule";
				VALIDATE_PRODUCT = YES;
			};
			name = Release;
		};
		514A994C1E51229100625253 /* Debug */ = {
			isa = XCBuildConfiguration;
			buildSettings = {
				ASSETCATALOG_COMPILER_APPICON_NAME = AppIcon;
				DEVELOPMENT_TEAM = 87J5Y4US98;
				INFOPLIST_FILE = getLocation/Info.plist;
				LD_RUNPATH_SEARCH_PATHS = "$(inherited) @executable_path/Frameworks";
				PRODUCT_BUNDLE_IDENTIFIER = com.manor.getLocation;
				PRODUCT_NAME = "$(TARGET_NAME)";
				SWIFT_VERSION = 3.0;
			};
			name = Debug;
		};
		514A994D1E51229100625253 /* Release */ = {
			isa = XCBuildConfiguration;
			buildSettings = {
				ASSETCATALOG_COMPILER_APPICON_NAME = AppIcon;
				DEVELOPMENT_TEAM = 87J5Y4US98;
				INFOPLIST_FILE = getLocation/Info.plist;
				LD_RUNPATH_SEARCH_PATHS = "$(inherited) @executable_path/Frameworks";
				PRODUCT_BUNDLE_IDENTIFIER = com.manor.getLocation;
				PRODUCT_NAME = "$(TARGET_NAME)";
				SWIFT_VERSION = 3.0;
			};
			name = Release;
		};
/* End XCBuildConfiguration section */

/* Begin XCConfigurationList section */
		514A99341E51229100625253 /* Build configuration list for PBXProject "getLocation" */ = {
			isa = XCConfigurationList;
			buildConfigurations = (
				514A99491E51229100625253 /* Debug */,
				514A994A1E51229100625253 /* Release */,
			);
			defaultConfigurationIsVisible = 0;
			defaultConfigurationName = Release;
		};
		514A994B1E51229100625253 /* Build configuration list for PBXNativeTarget "getLocation" */ = {
			isa = XCConfigurationList;
			buildConfigurations = (
				514A994C1E51229100625253 /* Debug */,
				514A994D1E51229100625253 /* Release */,
			);
			defaultConfigurationIsVisible = 0;
		};
/* End XCConfigurationList section */
	};
	rootObject = 514A99311E51229100625253 /* Project object */;
}
